<?xml version="1.0" encoding="utf-8"?>
<Project ToolsVersion="4.0" xmlns="http://schemas.microsoft.com/developer/msbuild/2003">
  <ItemGroup>
    <ClCompile Include="ServiceInstaller.cpp">
      <Filter>Source Files</Filter>
    </ClCompile>
    <ClCompile Include="ServiceBase.cpp">
      <Filter>Source Files</Filter>
    </ClCompile>
    <ClCompile Include="UploadService.cpp">
      <Filter>Source Files</Filter>
    </ClCompile>
    <ClCompile Include="..\SBFspot\db_SQLite.cpp">
      <Filter>Source Files</Filter>
    </ClCompile>
    <ClCompile Include="..\SBFspotUploadCommon\PVOutput.cpp">
      <Filter>Source Files</Filter>
    </ClCompile>
    <ClCompile Include="..\SBFspot\db_MySQL.cpp">
      <Filter>Source Files</Filter>
    </ClCompile>
    <ClCompile Include="..\SBFspotUploadCommon\CommonServiceCode.cpp">
      <Filter>Source Files</Filter>
    </ClCompile>
    <ClCompile Include="..\SBFspotUploadCommon\Configuration.cpp">
      <Filter>Source Files</Filter>
    </ClCompile>
    <ClCompile Include="SBFspotUploadService.cpp">
      <Filter>Source Files</Filter>
    </ClCompile>
    <ClCompile Include="..\SBFspotUploadCommon\PVOutput_x.cpp">
      <Filter>Source Files</Filter>
    </ClCompile>
  </ItemGroup>
  <ItemGroup>
    <ClInclude Include="ServiceBase.h">
      <Filter>Header Files</Filter>
    </ClInclude>
    <ClInclude Include="ServiceInstaller.h">
      <Filter>Header Files</Filter>
    </ClInclude>
    <ClInclude Include="ThreadPool.h">
      <Filter>Header Files</Filter>
    </ClInclude>
    <ClInclude Include="UploadService.h">
      <Filter>Header Files</Filter>
    </ClInclude>
    <ClInclude Include="..\SBFspot\db_SQLite.h">
      <Filter>Header Files</Filter>
    </ClInclude>
    <ClInclude Include="..\SBFspot\db_MySQL.h">
      <Filter>Header Files</Filter>
    </ClInclude>
    <ClInclude Include="..\SBFspotUploadCommon\CommonServiceCode.h">
      <Filter>Header Files</Filter>
    </ClInclude>
    <ClInclude Include="..\SBFspotUploadCommon\Configuration.h">
      <Filter>Header Files</Filter>
    </ClInclude>
    <ClInclude Include="..\SBFspotUploadCommon\PVOutput.h">
      <Filter>Header Files</Filter>
    </ClInclude>
  </ItemGroup>
  <ItemGroup>
    <Filter Include="Source Files">
      <UniqueIdentifier>{d05a5675-bc83-4b51-b2e5-da7f42856935}</UniqueIdentifier>
      <Extensions>cpp;c;cc;cxx;def;odl;idl;hpj;bat;asm;asmx</Extensions>
    </Filter>
    <Filter Include="Header Files">
      <UniqueIdentifier>{54bbfa82-6d18-4a5f-852a-06dc6f943dfd}</UniqueIdentifier>
      <Extensions>h;hpp;hxx;hm;inl;inc;xsd</Extensions>
    </Filter>
    <Filter Include="Resource Files">
      <UniqueIdentifier>{73432d20-2500-4ca9-9774-43ba0a78969d}</UniqueIdentifier>
    </Filter>
    <Filter Include="Support Files">
      <UniqueIdentifier>{e44a5c20-7664-4e63-a16f-2055101057e4}</UniqueIdentifier>
    </Filter>
  </ItemGroup>
  <ItemGroup>
    <None Include="SBFspotUpload.cfg">
      <Filter>Support Files</Filter>
    </None>
    <None Include="SBFspotUpload.default.cfg">
      <Filter>Support Files</Filter>
    </None>
  </ItemGroup>
</Project>