
Microsoft Visual Studio Solution File, Format Version 12.00
# Visual Studio 14
VisualStudioVersion = 14.0.25420.1
MinimumVisualStudioVersion = 10.0.40219.1
Project("{8BC9CEB8-8B4A-11D0-8D11-00A0C91BC942}") = "SBFspot", "SBFspot\SBFspot.vcxproj", "{CE77BB0B-AA1B-42D9-8451-866C22A1CA21}"
EndProject
Project("{8BC9CEB8-8B4A-11D0-8D11-00A0C91BC942}") = "SBFspotUploadService", "SBFspotUploadService\SBFspotUploader.vcxproj", "{DE70E2D1-6A4D-4984-BD82-CE750889F0D3}"
EndProject
Global
	GlobalSection(SolutionConfigurationPlatforms) = preSolution
		Debug_MySQL|Win32 = Debug_MySQL|Win32
		Debug_MySQL|x64 = Debug_MySQL|x64
		Debug_SQLite|Win32 = Debug_SQLite|Win32
		Debug_SQLite|x64 = Debug_SQLite|x64
		Debug|Win32 = Debug|Win32
		Debug|x64 = Debug|x64
		Release_MySQL|Win32 = Release_MySQL|Win32
		Release_MySQL|x64 = Release_MySQL|x64
		Release_SQLite|Win32 = Release_SQLite|Win32
		Release_SQLite|x64 = Release_SQLite|x64
		Release|Win32 = Release|Win32
		Release|x64 = Release|x64
	EndGlobalSection
	GlobalSection(ProjectConfigurationPlatforms) = postSolution
		{CE77BB0B-AA1B-42D9-8451-866C22A1CA21}.Debug_MySQL|Win32.ActiveCfg = Debug_MySQL|Win32
		{CE77BB0B-AA1B-42D9-8451-866C22A1CA21}.Debug_MySQL|Win32.Build.0 = Debug_MySQL|Win32
		{CE77BB0B-AA1B-42D9-8451-866C22A1CA21}.Debug_MySQL|x64.ActiveCfg = Debug_MySQL|Win32
		{CE77BB0B-AA1B-42D9-8451-866C22A1CA21}.Debug_SQLite|Win32.ActiveCfg = Debug_SQLite|Win32
		{CE77BB0B-AA1B-42D9-8451-866C22A1CA21}.Debug_SQLite|Win32.Build.0 = Debug_SQLite|Win32
		{CE77BB0B-AA1B-42D9-8451-866C22A1CA21}.Debug_SQLite|x64.ActiveCfg = Debug_SQLite|Win32
		{CE77BB0B-AA1B-42D9-8451-866C22A1CA21}.Debug|Win32.ActiveCfg = Debug|Win32
		{CE77BB0B-AA1B-42D9-8451-866C22A1CA21}.Debug|Win32.Build.0 = Debug|Win32
		{CE77BB0B-AA1B-42D9-8451-866C22A1CA21}.Debug|x64.ActiveCfg = Debug|Win32
		{CE77BB0B-AA1B-42D9-8451-866C22A1CA21}.Release_MySQL|Win32.ActiveCfg = Release_MySQL|Win32
		{CE77BB0B-AA1B-42D9-8451-866C22A1CA21}.Release_MySQL|Win32.Build.0 = Release_MySQL|Win32
		{CE77BB0B-AA1B-42D9-8451-866C22A1CA21}.Release_MySQL|x64.ActiveCfg = Release_MySQL|Win32
		{CE77BB0B-AA1B-42D9-8451-866C22A1CA21}.Release_SQLite|Win32.ActiveCfg = Release_SQLite|Win32
		{CE77BB0B-AA1B-42D9-8451-866C22A1CA21}.Release_SQLite|Win32.Build.0 = Release_SQLite|Win32
		{CE77BB0B-AA1B-42D9-8451-866C22A1CA21}.Release_SQLite|x64.ActiveCfg = Release_SQLite|Win32
		{CE77BB0B-AA1B-42D9-8451-866C22A1CA21}.Release|Win32.ActiveCfg = Release|Win32
		{CE77BB0B-AA1B-42D9-8451-866C22A1CA21}.Release|Win32.Build.0 = Release|Win32
		{CE77BB0B-AA1B-42D9-8451-866C22A1CA21}.Release|x64.ActiveCfg = Release|Win32
		{DE70E2D1-6A4D-4984-BD82-CE750889F0D3}.Debug_MySQL|Win32.ActiveCfg = Debug_MySQL|Win32
		{DE70E2D1-6A4D-4984-BD82-CE750889F0D3}.Debug_MySQL|Win32.Build.0 = Debug_MySQL|Win32
		{DE70E2D1-6A4D-4984-BD82-CE750889F0D3}.Debug_MySQL|x64.ActiveCfg = Debug_MySQL|Win32
		{DE70E2D1-6A4D-4984-BD82-CE750889F0D3}.Debug_SQLite|Win32.ActiveCfg = Debug_SQLite|Win32
		{DE70E2D1-6A4D-4984-BD82-CE750889F0D3}.Debug_SQLite|Win32.Build.0 = Debug_SQLite|Win32
		{DE70E2D1-6A4D-4984-BD82-CE750889F0D3}.Debug_SQLite|x64.ActiveCfg = Debug_SQLite|Win32
		{DE70E2D1-6A4D-4984-BD82-CE750889F0D3}.Debug|Win32.ActiveCfg = Debug_SQLite|Win32
		{DE70E2D1-6A4D-4984-BD82-CE750889F0D3}.Debug|Win32.Build.0 = Debug_SQLite|Win32
		{DE70E2D1-6A4D-4984-BD82-CE750889F0D3}.Debug|x64.ActiveCfg = Debug_SQLite|Win32
		{DE70E2D1-6A4D-4984-BD82-CE750889F0D3}.Release_MySQL|Win32.ActiveCfg = Release_MySQL|Win32
		{DE70E2D1-6A4D-4984-BD82-CE750889F0D3}.Release_MySQL|Win32.Build.0 = Release_MySQL|Win32
		{DE70E2D1-6A4D-4984-BD82-CE750889F0D3}.Release_MySQL|x64.ActiveCfg = Release_MySQL|Win32
		{DE70E2D1-6A4D-4984-BD82-CE750889F0D3}.Release_SQLite|Win32.ActiveCfg = Release_SQLite|Win32
		{DE70E2D1-6A4D-4984-BD82-CE750889F0D3}.Release_SQLite|Win32.Build.0 = Release_SQLite|Win32
		{DE70E2D1-6A4D-4984-BD82-CE750889F0D3}.Release_SQLite|x64.ActiveCfg = Release_SQLite|Win32
		{DE70E2D1-6A4D-4984-BD82-CE750889F0D3}.Release|Win32.ActiveCfg = Release_SQLite|Win32
		{DE70E2D1-6A4D-4984-BD82-CE750889F0D3}.Release|Win32.Build.0 = Release_SQLite|Win32
		{DE70E2D1-6A4D-4984-BD82-CE750889F0D3}.Release|x64.ActiveCfg = Release_SQLite|Win32
	EndGlobalSection
	GlobalSection(SolutionProperties) = preSolution
		HideSolutionNode = FALSE
	EndGlobalSection
EndGlobal
