<?xml version="1.0" encoding="utf-8"?>
<Project ToolsVersion="4.0" xmlns="http://schemas.microsoft.com/developer/msbuild/2003">
  <ItemGroup>
    <Filter Include="Source Files">
      <UniqueIdentifier>{4FC737F1-C7A5-4376-A066-2A32D752A2FF}</UniqueIdentifier>
      <Extensions>cpp;c;cc;cxx;def;odl;idl;hpj;bat;asm;asmx</Extensions>
    </Filter>
    <Filter Include="Header Files">
      <UniqueIdentifier>{93995380-89BD-4b04-88EB-625FBE52EBFB}</UniqueIdentifier>
      <Extensions>h;hh;hpp;hxx;hm;inl;inc;xsd</Extensions>
    </Filter>
    <Filter Include="Resource Files">
      <UniqueIdentifier>{67DA6AB6-F800-4c08-8B7A-83BB121AAD01}</UniqueIdentifier>
      <Extensions>rc;ico;cur;bmp;dlg;rc2;rct;bin;rgs;gif;jpg;jpeg;jpe;resx;tiff;tif;png;wav;mfcribbon-ms</Extensions>
    </Filter>
  </ItemGroup>
  <ItemGroup>
    <ClInclude Include="..\SBFspotWeatherCommon\CommonServiceCode.h">
      <Filter>Header Files</Filter>
    </ClInclude>
    <ClInclude Include="..\SBFspotWeatherCommon\Configuration.h">
      <Filter>Header Files</Filter>
    </ClInclude>
    <ClInclude Include="..\SBFspotWeatherCommon\json.h">
      <Filter>Header Files</Filter>
    </ClInclude>
    <ClInclude Include="..\SBFspotWeatherCommon\json-forwards.h">
      <Filter>Header Files</Filter>
    </ClInclude>
    <ClInclude Include="..\SBFspotWeatherCommon\WeatherAPI.h">
      <Filter>Header Files</Filter>
    </ClInclude>
    <ClInclude Include="..\SBFspot\db_MySQL.h">
      <Filter>Header Files</Filter>
    </ClInclude>
    <ClInclude Include="..\SBFspot\db_SQLite.h">
      <Filter>Header Files</Filter>
    </ClInclude>
    <ClInclude Include="..\SBFspot\misc.h">
      <Filter>Header Files</Filter>
    </ClInclude>
    <ClInclude Include="..\SBFspotWeatherCommon\db_SQLite_Weather.h">
      <Filter>Header Files</Filter>
    </ClInclude>
  </ItemGroup>
  <ItemGroup>
    <ClCompile Include="TestWeather.cpp">
      <Filter>Source Files</Filter>
    </ClCompile>
    <ClCompile Include="..\SBFspotWeatherCommon\CommonServiceCode.cpp">
      <Filter>Source Files</Filter>
    </ClCompile>
    <ClCompile Include="..\SBFspotWeatherCommon\Configuration.cpp">
      <Filter>Source Files</Filter>
    </ClCompile>
    <ClCompile Include="..\SBFspotWeatherCommon\jsoncpp.cpp">
      <Filter>Source Files</Filter>
    </ClCompile>
    <ClCompile Include="..\SBFspotWeatherCommon\WeatherAPI.cpp">
      <Filter>Source Files</Filter>
    </ClCompile>
    <ClCompile Include="..\SBFspotWeatherCommon\WeatherAPI_x.cpp">
      <Filter>Source Files</Filter>
    </ClCompile>
    <ClCompile Include="..\SBFspot\db_MySQL.cpp">
      <Filter>Source Files</Filter>
    </ClCompile>
    <ClCompile Include="..\SBFspot\db_SQLite.cpp">
      <Filter>Source Files</Filter>
    </ClCompile>
    <ClCompile Include="..\SBFspot\misc.cpp">
      <Filter>Source Files</Filter>
    </ClCompile>
    <ClCompile Include="..\SBFspotWeatherCommon\db_SQLite_Weather.cpp">
      <Filter>Source Files</Filter>
    </ClCompile>
  </ItemGroup>
</Project>