
Microsoft Visual Studio Solution File, Format Version 12.00
# Visual Studio 14
VisualStudioVersion = 14.0.25420.1
MinimumVisualStudioVersion = 10.0.40219.1
Project("{8BC9CEB8-8B4A-11D0-8D11-00A0C91BC942}") = "TestWeather", "TestWeather.vcxproj", "{D94E6B3F-AC74-4152-A289-CC32DA227430}"
EndProject
Global
	GlobalSection(SolutionConfigurationPlatforms) = preSolution
		Debug_SQLite|x64 = Debug_SQLite|x64
		Debug_SQLite|x86 = Debug_SQLite|x86
		Release|x64 = Release|x64
		Release|x86 = Release|x86
	EndGlobalSection
	GlobalSection(ProjectConfigurationPlatforms) = postSolution
		{D94E6B3F-AC74-4152-A289-CC32DA227430}.Debug_SQLite|x64.ActiveCfg = Debug_SQLite|x64
		{D94E6B3F-AC74-4152-A289-CC32DA227430}.Debug_SQLite|x64.Build.0 = Debug_SQLite|x64
		{D94E6B3F-AC74-4152-A289-CC32DA227430}.Debug_SQLite|x86.ActiveCfg = Debug_SQLite|Win32
		{D94E6B3F-AC74-4152-A289-CC32DA227430}.Debug_SQLite|x86.Build.0 = Debug_SQLite|Win32
		{D94E6B3F-AC74-4152-A289-CC32DA227430}.Release|x64.ActiveCfg = Release|x64
		{D94E6B3F-AC74-4152-A289-CC32DA227430}.Release|x64.Build.0 = Release|x64
		{D94E6B3F-AC74-4152-A289-CC32DA227430}.Release|x86.ActiveCfg = Release|Win32
		{D94E6B3F-AC74-4152-A289-CC32DA227430}.Release|x86.Build.0 = Release|Win32
	EndGlobalSection
	GlobalSection(SolutionProperties) = preSolution
		HideSolutionNode = FALSE
	EndGlobalSection
EndGlobal
