<?xml version="1.0" encoding="utf-8"?>
<Project ToolsVersion="4.0" xmlns="http://schemas.microsoft.com/developer/msbuild/2003">
  <ItemGroup>
    <ClCompile Include="..\SBFspotWeatherCommon\CommonServiceCode.cpp">
      <Filter>Source Files</Filter>
    </ClCompile>
    <ClCompile Include="..\SBFspotWeatherCommon\Configuration.cpp">
      <Filter>Source Files</Filter>
    </ClCompile>
    <ClCompile Include="..\SBFspot\db_MySQL.cpp">
      <Filter>Source Files</Filter>
    </ClCompile>
    <ClCompile Include="..\SBFspot\db_SQLite.cpp">
      <Filter>Source Files</Filter>
    </ClCompile>
    <ClCompile Include="..\SBFspotWeatherCommon\jsoncpp.cpp">
      <Filter>Source Files</Filter>
    </ClCompile>
    <ClCompile Include="..\SBFspot\misc.cpp">
      <Filter>Source Files</Filter>
    </ClCompile>
    <ClCompile Include="SBFspotWeatherService.cpp">
      <Filter>Source Files</Filter>
    </ClCompile>
    <ClCompile Include="ServiceBase.cpp">
      <Filter>Source Files</Filter>
    </ClCompile>
    <ClCompile Include="ServiceInstaller.cpp">
      <Filter>Source Files</Filter>
    </ClCompile>
    <ClCompile Include="..\SBFspotWeatherCommon\WeatherAPI.cpp">
      <Filter>Source Files</Filter>
    </ClCompile>
    <ClCompile Include="..\SBFspotWeatherCommon\WeatherAPI_x.cpp">
      <Filter>Source Files</Filter>
    </ClCompile>
    <ClCompile Include="WeatherService.cpp">
      <Filter>Source Files</Filter>
    </ClCompile>
    <ClCompile Include="..\SBFspotWeatherCommon\db_SQLite_Export.cpp">
      <Filter>Source Files</Filter>
    </ClCompile>
  </ItemGroup>
  <ItemGroup>
    <ClInclude Include="..\SBFspotWeatherCommon\CommonServiceCode.h">
      <Filter>Header Files</Filter>
    </ClInclude>
    <ClInclude Include="..\SBFspotWeatherCommon\Configuration.h">
      <Filter>Header Files</Filter>
    </ClInclude>
    <ClInclude Include="..\SBFspot\db_MySQL.h">
      <Filter>Header Files</Filter>
    </ClInclude>
    <ClInclude Include="..\SBFspot\db_SQLite.h">
      <Filter>Header Files</Filter>
    </ClInclude>
    <ClInclude Include="..\SBFspot\misc.h">
      <Filter>Header Files</Filter>
    </ClInclude>
    <ClInclude Include="ServiceBase.h">
      <Filter>Header Files</Filter>
    </ClInclude>
    <ClInclude Include="ServiceInstaller.h">
      <Filter>Header Files</Filter>
    </ClInclude>
    <ClInclude Include="ThreadPool.h">
      <Filter>Header Files</Filter>
    </ClInclude>
    <ClInclude Include="..\SBFspotWeatherCommon\WeatherAPI.h">
      <Filter>Header Files</Filter>
    </ClInclude>
    <ClInclude Include="WeatherService.h">
      <Filter>Header Files</Filter>
    </ClInclude>
    <ClInclude Include="..\SBFspotWeatherCommon\db_SQLite_Export.h">
      <Filter>Header Files</Filter>
    </ClInclude>
  </ItemGroup>
  <ItemGroup>
    <None Include="CreateSQLiteWeather.sql" />
    <None Include="SBFspotWeather.default.cfg" />
  </ItemGroup>
  <ItemGroup>
    <Filter Include="Header Files">
      <UniqueIdentifier>{b0ff5e99-0f0d-4602-be71-c089c2419fb2}</UniqueIdentifier>
    </Filter>
    <Filter Include="Source Files">
      <UniqueIdentifier>{7e7e826a-5ca8-4855-a033-0bf14d27bb06}</UniqueIdentifier>
    </Filter>
  </ItemGroup>
</Project>